{
  "name": "breviter-compare",
  "lockfileVersion": 2,
  "requires": true,
  "packages": {
    "": {
      "dependencies": [
        "@tensorflow/tfjs",
        "@tensorflow-models/universal-sentence-encoder"
      ]
    },
    "@tensorflow-models/universal-sentence-encoder": {},
    "@tensorflow/tfjs": {},
    "node_modules/0": {
      "resolved": "@tensorflow/tfjs",
      "link": true
    },
    "node_modules/1": {
      "resolved": "@tensorflow-models/universal-sentence-encoder",
      "link": true
    }
  },
  "dependencies": {
    "0": {
      "version": "file:@tensorflow/tfjs"
    },
    "1": {
      "version": "file:@tensorflow-models/universal-sentence-encoder"
    }
  }
}
